
Microsoft Visual Studio Solution File, Format Version 12.00
# Visual Studio Version 16
VisualStudioVersion = 16.0.31624.102
MinimumVisualStudioVersion = 10.0.40219.1
Project("{FAE04EC0-301F-11D3-BF4B-00C04F79EFBC}") = "LeagueIsBadAndYouShouldBeSorry", "LeagueIsBadAndYouShouldBeSorry\LeagueIsBadAndYouShouldBeSorry.csproj", "{486DB279-2474-4202-BE4D-84DA2591B23F}"
EndProject
Global
	GlobalSection(SolutionConfigurationPlatforms) = preSolution
		Debug|Any CPU = Debug|Any CPU
		Release|Any CPU = Release|Any CPU
	EndGlobalSection
	GlobalSection(ProjectConfigurationPlatforms) = postSolution
		{486DB279-2474-4202-BE4D-84DA2591B23F}.Debug|Any CPU.ActiveCfg = Debug|Any CPU
		{486DB279-2474-4202-BE4D-84DA2591B23F}.Debug|Any CPU.Build.0 = Debug|Any CPU
		{486DB279-2474-4202-BE4D-84DA2591B23F}.Release|Any CPU.ActiveCfg = Release|Any CPU
		{486DB279-2474-4202-BE4D-84DA2591B23F}.Release|Any CPU.Build.0 = Release|Any CPU
	EndGlobalSection
	GlobalSection(SolutionProperties) = preSolution
		HideSolutionNode = FALSE
	EndGlobalSection
	GlobalSection(ExtensibilityGlobals) = postSolution
		SolutionGuid = {126DF60B-49D2-4B91-A90A-30CC36133198}
	EndGlobalSection
EndGlobal
